
Microsoft Visual Studio Solution File, Format Version 12.00
# Visual Studio Version 16
VisualStudioVersion = 16.0.30104.148
MinimumVisualStudioVersion = 10.0.40219.1
Project("{FAE04EC0-301F-11D3-BF4B-00C04F79EFBC}") = "ZeaRide", "ZeaRide.csproj", "{D3E7E16A-F3AC-43E9-9B17-9B96F39EFCD6}"
EndProject
Project("{FAE04EC0-301F-11D3-BF4B-00C04F79EFBC}") = "RestZeaRide", "..\RestZeaRide\RestZeaRide.csproj", "{2C0C74EC-59F5-4D18-A64B-3701F86C88E6}"
EndProject
Global
	GlobalSection(SolutionConfigurationPlatforms) = preSolution
		Debug|Any CPU = Debug|Any CPU
		Debug|ARM = Debug|ARM
		Debug|ARM64 = Debug|ARM64
		Debug|x64 = Debug|x64
		Debug|x86 = Debug|x86
		Release|Any CPU = Release|Any CPU
		Release|ARM = Release|ARM
		Release|ARM64 = Release|ARM64
		Release|x64 = Release|x64
		Release|x86 = Release|x86
	EndGlobalSection
	GlobalSection(ProjectConfigurationPlatforms) = postSolution
		{D3E7E16A-F3AC-43E9-9B17-9B96F39EFCD6}.Debug|Any CPU.ActiveCfg = Debug|x86
		{D3E7E16A-F3AC-43E9-9B17-9B96F39EFCD6}.Debug|ARM.ActiveCfg = Debug|ARM
		{D3E7E16A-F3AC-43E9-9B17-9B96F39EFCD6}.Debug|ARM.Build.0 = Debug|ARM
		{D3E7E16A-F3AC-43E9-9B17-9B96F39EFCD6}.Debug|ARM.Deploy.0 = Debug|ARM
		{D3E7E16A-F3AC-43E9-9B17-9B96F39EFCD6}.Debug|ARM64.ActiveCfg = Debug|ARM64
		{D3E7E16A-F3AC-43E9-9B17-9B96F39EFCD6}.Debug|ARM64.Build.0 = Debug|ARM64
		{D3E7E16A-F3AC-43E9-9B17-9B96F39EFCD6}.Debug|ARM64.Deploy.0 = Debug|ARM64
		{D3E7E16A-F3AC-43E9-9B17-9B96F39EFCD6}.Debug|x64.ActiveCfg = Debug|x64
		{D3E7E16A-F3AC-43E9-9B17-9B96F39EFCD6}.Debug|x64.Build.0 = Debug|x64
		{D3E7E16A-F3AC-43E9-9B17-9B96F39EFCD6}.Debug|x64.Deploy.0 = Debug|x64
		{D3E7E16A-F3AC-43E9-9B17-9B96F39EFCD6}.Debug|x86.ActiveCfg = Debug|x86
		{D3E7E16A-F3AC-43E9-9B17-9B96F39EFCD6}.Debug|x86.Build.0 = Debug|x86
		{D3E7E16A-F3AC-43E9-9B17-9B96F39EFCD6}.Debug|x86.Deploy.0 = Debug|x86
		{D3E7E16A-F3AC-43E9-9B17-9B96F39EFCD6}.Release|Any CPU.ActiveCfg = Release|x86
		{D3E7E16A-F3AC-43E9-9B17-9B96F39EFCD6}.Release|ARM.ActiveCfg = Release|ARM
		{D3E7E16A-F3AC-43E9-9B17-9B96F39EFCD6}.Release|ARM.Build.0 = Release|ARM
		{D3E7E16A-F3AC-43E9-9B17-9B96F39EFCD6}.Release|ARM.Deploy.0 = Release|ARM
		{D3E7E16A-F3AC-43E9-9B17-9B96F39EFCD6}.Release|ARM64.ActiveCfg = Release|ARM64
		{D3E7E16A-F3AC-43E9-9B17-9B96F39EFCD6}.Release|ARM64.Build.0 = Release|ARM64
		{D3E7E16A-F3AC-43E9-9B17-9B96F39EFCD6}.Release|ARM64.Deploy.0 = Release|ARM64
		{D3E7E16A-F3AC-43E9-9B17-9B96F39EFCD6}.Release|x64.ActiveCfg = Release|x64
		{D3E7E16A-F3AC-43E9-9B17-9B96F39EFCD6}.Release|x64.Build.0 = Release|x64
		{D3E7E16A-F3AC-43E9-9B17-9B96F39EFCD6}.Release|x64.Deploy.0 = Release|x64
		{D3E7E16A-F3AC-43E9-9B17-9B96F39EFCD6}.Release|x86.ActiveCfg = Release|x86
		{D3E7E16A-F3AC-43E9-9B17-9B96F39EFCD6}.Release|x86.Build.0 = Release|x86
		{D3E7E16A-F3AC-43E9-9B17-9B96F39EFCD6}.Release|x86.Deploy.0 = Release|x86
		{2C0C74EC-59F5-4D18-A64B-3701F86C88E6}.Debug|Any CPU.ActiveCfg = Debug|Any CPU
		{2C0C74EC-59F5-4D18-A64B-3701F86C88E6}.Debug|Any CPU.Build.0 = Debug|Any CPU
		{2C0C74EC-59F5-4D18-A64B-3701F86C88E6}.Debug|ARM.ActiveCfg = Debug|Any CPU
		{2C0C74EC-59F5-4D18-A64B-3701F86C88E6}.Debug|ARM.Build.0 = Debug|Any CPU
		{2C0C74EC-59F5-4D18-A64B-3701F86C88E6}.Debug|ARM64.ActiveCfg = Debug|Any CPU
		{2C0C74EC-59F5-4D18-A64B-3701F86C88E6}.Debug|ARM64.Build.0 = Debug|Any CPU
		{2C0C74EC-59F5-4D18-A64B-3701F86C88E6}.Debug|x64.ActiveCfg = Debug|Any CPU
		{2C0C74EC-59F5-4D18-A64B-3701F86C88E6}.Debug|x64.Build.0 = Debug|Any CPU
		{2C0C74EC-59F5-4D18-A64B-3701F86C88E6}.Debug|x86.ActiveCfg = Debug|Any CPU
		{2C0C74EC-59F5-4D18-A64B-3701F86C88E6}.Debug|x86.Build.0 = Debug|Any CPU
		{2C0C74EC-59F5-4D18-A64B-3701F86C88E6}.Release|Any CPU.ActiveCfg = Release|Any CPU
		{2C0C74EC-59F5-4D18-A64B-3701F86C88E6}.Release|Any CPU.Build.0 = Release|Any CPU
		{2C0C74EC-59F5-4D18-A64B-3701F86C88E6}.Release|ARM.ActiveCfg = Release|Any CPU
		{2C0C74EC-59F5-4D18-A64B-3701F86C88E6}.Release|ARM.Build.0 = Release|Any CPU
		{2C0C74EC-59F5-4D18-A64B-3701F86C88E6}.Release|ARM64.ActiveCfg = Release|Any CPU
		{2C0C74EC-59F5-4D18-A64B-3701F86C88E6}.Release|ARM64.Build.0 = Release|Any CPU
		{2C0C74EC-59F5-4D18-A64B-3701F86C88E6}.Release|x64.ActiveCfg = Release|Any CPU
		{2C0C74EC-59F5-4D18-A64B-3701F86C88E6}.Release|x64.Build.0 = Release|Any CPU
		{2C0C74EC-59F5-4D18-A64B-3701F86C88E6}.Release|x86.ActiveCfg = Release|Any CPU
		{2C0C74EC-59F5-4D18-A64B-3701F86C88E6}.Release|x86.Build.0 = Release|Any CPU
	EndGlobalSection
	GlobalSection(SolutionProperties) = preSolution
		HideSolutionNode = FALSE
	EndGlobalSection
	GlobalSection(ExtensibilityGlobals) = postSolution
		SolutionGuid = {B06F92D3-49A1-457E-B529-9EA0CEF5E2B9}
	EndGlobalSection
EndGlobal
